
Microsoft Visual Studio Solution File, Format Version 12.00
# Visual Studio Version 17
VisualStudioVersion = 17.7.34031.279
MinimumVisualStudioVersion = 10.0.40219.1
Project("{2150E333-8FDC-42A3-9474-1A3956D46DE8}") = "Core", "Core", "{D6FE54BB-B286-435B-A72F-6CAE13E9174B}"
EndProject
Project("{9A19103F-16F7-4668-BE54-9A1E7A4F7556}") = "UdemyCarBook.Domain", "Core\UdemyCarBook.Domain\UdemyCarBook.Domain.csproj", "{4F81C913-7BA2-4861-8843-357910556A9F}"
EndProject
Project("{2150E333-8FDC-42A3-9474-1A3956D46DE8}") = "Infrastructure", "Infrastructure", "{E470E702-22D6-4772-9E67-FA84D46621FE}"
EndProject
Project("{9A19103F-16F7-4668-BE54-9A1E7A4F7556}") = "UdemyCarBook.Persistence", "Infrastructure\UdemyCarBook.Persistence\UdemyCarBook.Persistence.csproj", "{D2B19443-4C7F-4A2A-B5C9-7DD061713362}"
EndProject
Project("{2150E333-8FDC-42A3-9474-1A3956D46DE8}") = "Presentation", "Presentation", "{04F493D0-759F-46CE-B3A7-E679BDB8EE1F}"
EndProject
Project("{9A19103F-16F7-4668-BE54-9A1E7A4F7556}") = "UdemyCarBook.WebApi", "Presentation\UdemyCarBook.WebApi\UdemyCarBook.WebApi.csproj", "{AEA6AD6A-424E-4266-AD98-689311700532}"
EndProject
Project("{9A19103F-16F7-4668-BE54-9A1E7A4F7556}") = "UdemyCarBook.Application", "Core\UdemyCarBook.Application\UdemyCarBook.Application.csproj", "{40D1A57A-961C-430D-867C-11864F968FF2}"
EndProject
Project("{2150E333-8FDC-42A3-9474-1A3956D46DE8}") = "Frontends", "Frontends", "{607C570D-4AF6-4C3E-BA4F-EA72EFAC6110}"
EndProject
Project("{9A19103F-16F7-4668-BE54-9A1E7A4F7556}") = "UdemyCarBook.WebUI", "Frontends\UdemyCarBook.WebUI\UdemyCarBook.WebUI.csproj", "{29D11C82-7083-471E-87D3-DAEECA9ABEB6}"
EndProject
Project("{FAE04EC0-301F-11D3-BF4B-00C04F79EFBC}") = "UdemyCarBook.Dto", "Frontends\UdemyCarBook.Dto\UdemyCarBook.Dto.csproj", "{A0C4FD32-296E-47D4-8C3C-A7854448375D}"
EndProject
Global
	GlobalSection(SolutionConfigurationPlatforms) = preSolution
		Debug|Any CPU = Debug|Any CPU
		Release|Any CPU = Release|Any CPU
	EndGlobalSection
	GlobalSection(ProjectConfigurationPlatforms) = postSolution
		{4F81C913-7BA2-4861-8843-357910556A9F}.Debug|Any CPU.ActiveCfg = Debug|Any CPU
		{4F81C913-7BA2-4861-8843-357910556A9F}.Debug|Any CPU.Build.0 = Debug|Any CPU
		{4F81C913-7BA2-4861-8843-357910556A9F}.Release|Any CPU.ActiveCfg = Release|Any CPU
		{4F81C913-7BA2-4861-8843-357910556A9F}.Release|Any CPU.Build.0 = Release|Any CPU
		{D2B19443-4C7F-4A2A-B5C9-7DD061713362}.Debug|Any CPU.ActiveCfg = Debug|Any CPU
		{D2B19443-4C7F-4A2A-B5C9-7DD061713362}.Debug|Any CPU.Build.0 = Debug|Any CPU
		{D2B19443-4C7F-4A2A-B5C9-7DD061713362}.Release|Any CPU.ActiveCfg = Release|Any CPU
		{D2B19443-4C7F-4A2A-B5C9-7DD061713362}.Release|Any CPU.Build.0 = Release|Any CPU
		{AEA6AD6A-424E-4266-AD98-689311700532}.Debug|Any CPU.ActiveCfg = Debug|Any CPU
		{AEA6AD6A-424E-4266-AD98-689311700532}.Debug|Any CPU.Build.0 = Debug|Any CPU
		{AEA6AD6A-424E-4266-AD98-689311700532}.Release|Any CPU.ActiveCfg = Release|Any CPU
		{AEA6AD6A-424E-4266-AD98-689311700532}.Release|Any CPU.Build.0 = Release|Any CPU
		{40D1A57A-961C-430D-867C-11864F968FF2}.Debug|Any CPU.ActiveCfg = Debug|Any CPU
		{40D1A57A-961C-430D-867C-11864F968FF2}.Debug|Any CPU.Build.0 = Debug|Any CPU
		{40D1A57A-961C-430D-867C-11864F968FF2}.Release|Any CPU.ActiveCfg = Release|Any CPU
		{40D1A57A-961C-430D-867C-11864F968FF2}.Release|Any CPU.Build.0 = Release|Any CPU
		{29D11C82-7083-471E-87D3-DAEECA9ABEB6}.Debug|Any CPU.ActiveCfg = Debug|Any CPU
		{29D11C82-7083-471E-87D3-DAEECA9ABEB6}.Debug|Any CPU.Build.0 = Debug|Any CPU
		{29D11C82-7083-471E-87D3-DAEECA9ABEB6}.Release|Any CPU.ActiveCfg = Release|Any CPU
		{29D11C82-7083-471E-87D3-DAEECA9ABEB6}.Release|Any CPU.Build.0 = Release|Any CPU
		{A0C4FD32-296E-47D4-8C3C-A7854448375D}.Debug|Any CPU.ActiveCfg = Debug|Any CPU
		{A0C4FD32-296E-47D4-8C3C-A7854448375D}.Debug|Any CPU.Build.0 = Debug|Any CPU
		{A0C4FD32-296E-47D4-8C3C-A7854448375D}.Release|Any CPU.ActiveCfg = Release|Any CPU
		{A0C4FD32-296E-47D4-8C3C-A7854448375D}.Release|Any CPU.Build.0 = Release|Any CPU
	EndGlobalSection
	GlobalSection(SolutionProperties) = preSolution
		HideSolutionNode = FALSE
	EndGlobalSection
	GlobalSection(NestedProjects) = preSolution
		{4F81C913-7BA2-4861-8843-357910556A9F} = {D6FE54BB-B286-435B-A72F-6CAE13E9174B}
		{D2B19443-4C7F-4A2A-B5C9-7DD061713362} = {E470E702-22D6-4772-9E67-FA84D46621FE}
		{AEA6AD6A-424E-4266-AD98-689311700532} = {04F493D0-759F-46CE-B3A7-E679BDB8EE1F}
		{40D1A57A-961C-430D-867C-11864F968FF2} = {D6FE54BB-B286-435B-A72F-6CAE13E9174B}
		{29D11C82-7083-471E-87D3-DAEECA9ABEB6} = {607C570D-4AF6-4C3E-BA4F-EA72EFAC6110}
		{A0C4FD32-296E-47D4-8C3C-A7854448375D} = {607C570D-4AF6-4C3E-BA4F-EA72EFAC6110}
	EndGlobalSection
	GlobalSection(ExtensibilityGlobals) = postSolution
		SolutionGuid = {0C54F1A7-A64B-4B4F-83FF-4F0B680F8047}
	EndGlobalSection
EndGlobal
